// !$*UTF8*$!
{
	archiveVersion = 1;
	classes = {
	};
	objectVersion = 50;
	objects = {

/* Begin PBXBuildFile section */
		A2271E33240E449300C633DD /* main.cpp in Sources */ = {isa = PBXBuildFile; fileRef = A2271E32240E449300C633DD /* main.cpp */; };
		A2271E3B240E44D400C633DD /* Shape.cpp in Sources */ = {isa = PBXBuildFile; fileRef = A2271E39240E44D400C633DD /* Shape.cpp */; };
		A2271E3E240E44ED00C633DD /* Circle.cpp in Sources */ = {isa = PBXBuildFile; fileRef = A2271E3C240E44ED00C633DD /* Circle.cpp */; };
		A2271E41240E44FA00C633DD /* Rectangle.cpp in Sources */ = {isa = PBXBuildFile; fileRef = A2271E3F240E44FA00C633DD /* Rectangle.cpp */; };
		A2271E44240E452C00C633DD /* Position.cpp in Sources */ = {isa = PBXBuildFile; fileRef = A2271E42240E452C00C633DD /* Position.cpp */; };
/* End PBXBuildFile section */

/* Begin PBXCopyFilesBuildPhase section */
		A2271E2D240E449300C633DD /* CopyFiles */ = {
			isa = PBXCopyFilesBuildPhase;
			buildActionMask = 2147483647;
			dstPath = /usr/share/man/man1/;
			dstSubfolderSpec = 0;
			files = (
			);
			runOnlyForDeploymentPostprocessing = 1;
		};
/* End PBXCopyFilesBuildPhase section */

/* Begin PBXFileReference section */
		A2271E2F240E449300C633DD /* Polymorphism */ = {isa = PBXFileReference; explicitFileType = "compiled.mach-o.executable"; includeInIndex = 0; path = Polymorphism; sourceTree = BUILT_PRODUCTS_DIR; };
		A2271E32240E449300C633DD /* main.cpp */ = {isa = PBXFileReference; lastKnownFileType = sourcecode.cpp.cpp; path = main.cpp; sourceTree = "<group>"; };
		A2271E39240E44D400C633DD /* Shape.cpp */ = {isa = PBXFileReference; lastKnownFileType = sourcecode.cpp.cpp; path = Shape.cpp; sourceTree = "<group>"; };
		A2271E3A240E44D400C633DD /* Shape.hpp */ = {isa = PBXFileReference; lastKnownFileType = sourcecode.cpp.h; path = Shape.hpp; sourceTree = "<group>"; };
		A2271E3C240E44ED00C633DD /* Circle.cpp */ = {isa = PBXFileReference; lastKnownFileType = sourcecode.cpp.cpp; path = Circle.cpp; sourceTree = "<group>"; };
		A2271E3D240E44ED00C633DD /* Circle.hpp */ = {isa = PBXFileReference; lastKnownFileType = sourcecode.cpp.h; path = Circle.hpp; sourceTree = "<group>"; };
		A2271E3F240E44FA00C633DD /* Rectangle.cpp */ = {isa = PBXFileReference; lastKnownFileType = sourcecode.cpp.cpp; path = Rectangle.cpp; sourceTree = "<group>"; };
		A2271E40240E44FA00C633DD /* Rectangle.hpp */ = {isa = PBXFileReference; lastKnownFileType = sourcecode.cpp.h; path = Rectangle.hpp; sourceTree = "<group>"; };
		A2271E42240E452C00C633DD /* Position.cpp */ = {isa = PBXFileReference; lastKnownFileType = sourcecode.cpp.cpp; path = Position.cpp; sourceTree = "<group>"; };
		A2271E43240E452C00C633DD /* Position.hpp */ = {isa = PBXFileReference; lastKnownFileType = sourcecode.cpp.h; path = Position.hpp; sourceTree = "<group>"; };
/* End PBXFileReference section */

/* Begin PBXFrameworksBuildPhase section */
		A2271E2C240E449300C633DD /* Frameworks */ = {
			isa = PBXFrameworksBuildPhase;
			buildActionMask = 2147483647;
			files = (
			);
			runOnlyForDeploymentPostprocessing = 0;
		};
/* End PBXFrameworksBuildPhase section */

/* Begin PBXGroup section */
		A2271E26240E449300C633DD = {
			isa = PBXGroup;
			children = (
				A2271E31240E449300C633DD /* Polymorphism */,
				A2271E30240E449300C633DD /* Products */,
			);
			sourceTree = "<group>";
		};
		A2271E30240E449300C633DD /* Products */ = {
			isa = PBXGroup;
			children = (
				A2271E2F240E449300C633DD /* Polymorphism */,
			);
			name = Products;
			sourceTree = "<group>";
		};
		A2271E31240E449300C633DD /* Polymorphism */ = {
			isa = PBXGroup;
			children = (
				A2271E32240E449300C633DD /* main.cpp */,
				A2271E39240E44D400C633DD /* Shape.cpp */,
				A2271E3A240E44D400C633DD /* Shape.hpp */,
				A2271E3C240E44ED00C633DD /* Circle.cpp */,
				A2271E3D240E44ED00C633DD /* Circle.hpp */,
				A2271E3F240E44FA00C633DD /* Rectangle.cpp */,
				A2271E40240E44FA00C633DD /* Rectangle.hpp */,
				A2271E42240E452C00C633DD /* Position.cpp */,
				A2271E43240E452C00C633DD /* Position.hpp */,
			);
			path = Polymorphism;
			sourceTree = "<group>";
		};
/* End PBXGroup section */

/* Begin PBXNativeTarget section */
		A2271E2E240E449300C633DD /* Polymorphism */ = {
			isa = PBXNativeTarget;
			buildConfigurationList = A2271E36240E449300C633DD /* Build configuration list for PBXNativeTarget "Polymorphism" */;
			buildPhases = (
				A2271E2B240E449300C633DD /* Sources */,
				A2271E2C240E449300C633DD /* Frameworks */,
				A2271E2D240E449300C633DD /* CopyFiles */,
			);
			buildRules = (
			);
			dependencies = (
			);
			name = Polymorphism;
			productName = Polymorphism;
			productReference = A2271E2F240E449300C633DD /* Polymorphism */;
			productType = "com.apple.product-type.tool";
		};
/* End PBXNativeTarget section */

/* Begin PBXProject section */
		A2271E27240E449300C633DD /* Project object */ = {
			isa = PBXProject;
			attributes = {
				LastUpgradeCheck = 1130;
				ORGANIZATIONNAME = "Alihan  Ekiz";
				TargetAttributes = {
					A2271E2E240E449300C633DD = {
						CreatedOnToolsVersion = 11.3.1;
					};
				};
			};
			buildConfigurationList = A2271E2A240E449300C633DD /* Build configuration list for PBXProject "Polymorphism" */;
			compatibilityVersion = "Xcode 9.3";
			developmentRegion = en;
			hasScannedForEncodings = 0;
			knownRegions = (
				en,
				Base,
			);
			mainGroup = A2271E26240E449300C633DD;
			productRefGroup = A2271E30240E449300C633DD /* Products */;
			projectDirPath = "";
			projectRoot = "";
			targets = (
				A2271E2E240E449300C633DD /* Polymorphism */,
			);
		};
/* End PBXProject section */

/* Begin PBXSourcesBuildPhase section */
		A2271E2B240E449300C633DD /* Sources */ = {
			isa = PBXSourcesBuildPhase;
			buildActionMask = 2147483647;
			files = (
				A2271E33240E449300C633DD /* main.cpp in Sources */,
				A2271E3E240E44ED00C633DD /* Circle.cpp in Sources */,
				A2271E3B240E44D400C633DD /* Shape.cpp in Sources */,
				A2271E41240E44FA00C633DD /* Rectangle.cpp in Sources */,
				A2271E44240E452C00C633DD /* Position.cpp in Sources */,
			);
			runOnlyForDeploymentPostprocessing = 0;
		};
/* End PBXSourcesBuildPhase section */

/* Begin XCBuildConfiguration section */
		A2271E34240E449300C633DD /* Debug */ = {
			isa = XCBuildConfiguration;
			buildSettings = {
				ALWAYS_SEARCH_USER_PATHS = NO;
				CLANG_ANALYZER_NONNULL = YES;
				CLANG_ANALYZER_NUMBER_OBJECT_CONVERSION = YES_AGGRESSIVE;
				CLANG_CXX_LANGUAGE_STANDARD = "gnu++14";
				CLANG_CXX_LIBRARY = "libc++";
				CLANG_ENABLE_MODULES = YES;
				CLANG_ENABLE_OBJC_ARC = YES;
				CLANG_ENABLE_OBJC_WEAK = YES;
				CLANG_WARN_BLOCK_CAPTURE_AUTORELEASING = YES;
				CLANG_WARN_BOOL_CONVERSION = YES;
				CLANG_WARN_COMMA = YES;
				CLANG_WARN_CONSTANT_CONVERSION = YES;
				CLANG_WARN_DEPRECATED_OBJC_IMPLEMENTATIONS = YES;
				CLANG_WARN_DIRECT_OBJC_ISA_USAGE = YES_ERROR;
				CLANG_WARN_DOCUMENTATION_COMMENTS = YES;
				CLANG_WARN_EMPTY_BODY = YES;
				CLANG_WARN_ENUM_CONVERSION = YES;
				CLANG_WARN_INFINITE_RECURSION = YES;
				CLANG_WARN_INT_CONVERSION = YES;
				CLANG_WARN_NON_LITERAL_NULL_CONVERSION = YES;
				CLANG_WARN_OBJC_IMPLICIT_RETAIN_SELF = YES;
				CLANG_WARN_OBJC_LITERAL_CONVERSION = YES;
				CLANG_WARN_OBJC_ROOT_CLASS = YES_ERROR;
				CLANG_WARN_RANGE_LOOP_ANALYSIS = YES;
				CLANG_WARN_STRICT_PROTOTYPES = YES;
				CLANG_WARN_SUSPICIOUS_MOVE = YES;
				CLANG_WARN_UNGUARDED_AVAILABILITY = YES_AGGRESSIVE;
				CLANG_WARN_UNREACHABLE_CODE = YES;
				CLANG_WARN__DUPLICATE_METHOD_MATCH = YES;
				COPY_PHASE_STRIP = NO;
				DEBUG_INFORMATION_FORMAT = dwarf;
				ENABLE_STRICT_OBJC_MSGSEND = YES;
				ENABLE_TESTABILITY = YES;
				GCC_C_LANGUAGE_STANDARD = gnu11;
				GCC_DYNAMIC_NO_PIC = NO;
				GCC_NO_COMMON_BLOCKS = YES;
				GCC_OPTIMIZATION_LEVEL = 0;
				GCC_PREPROCESSOR_DEFINITIONS = (
					"DEBUG=1",
					"$(inherited)",
				);
				GCC_WARN_64_TO_32_BIT_CONVERSION = YES;
				GCC_WARN_ABOUT_RETURN_TYPE = YES_ERROR;
				GCC_WARN_UNDECLARED_SELECTOR = YES;
				GCC_WARN_UNINITIALIZED_AUTOS = YES_AGGRESSIVE;
				GCC_WARN_UNUSED_FUNCTION = YES;
				GCC_WARN_UNUSED_VARIABLE = YES;
				MACOSX_DEPLOYMENT_TARGET = 10.15;
				MTL_ENABLE_DEBUG_INFO = INCLUDE_SOURCE;
				MTL_FAST_MATH = YES;
				ONLY_ACTIVE_ARCH = YES;
				SDKROOT = macosx;
			};
			name = Debug;
		};
		A2271E35240E449300C633DD /* Release */ = {
			isa = XCBuildConfiguration;
			buildSettings = {
				ALWAYS_SEARCH_USER_PATHS = NO;
				CLANG_ANALYZER_NONNULL = YES;
				CLANG_ANALYZER_NUMBER_OBJECT_CONVERSION = YES_AGGRESSIVE;
				CLANG_CXX_LANGUAGE_STANDARD = "gnu++14";
				CLANG_CXX_LIBRARY = "libc++";
				CLANG_ENABLE_MODULES = YES;
				CLANG_ENABLE_OBJC_ARC = YES;
				CLANG_ENABLE_OBJC_WEAK = YES;
				CLANG_WARN_BLOCK_CAPTURE_AUTORELEASING = YES;
				CLANG_WARN_BOOL_CONVERSION = YES;
				CLANG_WARN_COMMA = YES;
				CLANG_WARN_CONSTANT_CONVERSION = YES;
				CLANG_WARN_DEPRECATED_OBJC_IMPLEMENTATIONS = YES;
				CLANG_WARN_DIRECT_OBJC_ISA_USAGE = YES_ERROR;
				CLANG_WARN_DOCUMENTATION_COMMENTS = YES;
				CLANG_WARN_EMPTY_BODY = YES;
				CLANG_WARN_ENUM_CONVERSION = YES;
				CLANG_WARN_INFINITE_RECURSION = YES;
				CLANG_WARN_INT_CONVERSION = YES;
				CLANG_WARN_NON_LITERAL_NULL_CONVERSION = YES;
				CLANG_WARN_OBJC_IMPLICIT_RETAIN_SELF = YES;
				CLANG_WARN_OBJC_LITERAL_CONVERSION = YES;
				CLANG_WARN_OBJC_ROOT_CLASS = YES_ERROR;
				CLANG_WARN_RANGE_LOOP_ANALYSIS = YES;
				CLANG_WARN_STRICT_PROTOTYPES = YES;
				CLANG_WARN_SUSPICIOUS_MOVE = YES;
				CLANG_WARN_UNGUARDED_AVAILABILITY = YES_AGGRESSIVE;
				CLANG_WARN_UNREACHABLE_CODE = YES;
				CLANG_WARN__DUPLICATE_METHOD_MATCH = YES;
				COPY_PHASE_STRIP = NO;
				DEBUG_INFORMATION_FORMAT = "dwarf-with-dsym";
				ENABLE_NS_ASSERTIONS = NO;
				ENABLE_STRICT_OBJC_MSGSEND = YES;
				GCC_C_LANGUAGE_STANDARD = gnu11;
				GCC_NO_COMMON_BLOCKS = YES;
				GCC_WARN_64_TO_32_BIT_CONVERSION = YES;
				GCC_WARN_ABOUT_RETURN_TYPE = YES_ERROR;
				GCC_WARN_UNDECLARED_SELECTOR = YES;
				GCC_WARN_UNINITIALIZED_AUTOS = YES_AGGRESSIVE;
				GCC_WARN_UNUSED_FUNCTION = YES;
				GCC_WARN_UNUSED_VARIABLE = YES;
				MACOSX_DEPLOYMENT_TARGET = 10.15;
				MTL_ENABLE_DEBUG_INFO = NO;
				MTL_FAST_MATH = YES;
				SDKROOT = macosx;
			};
			name = Release;
		};
		A2271E37240E449300C633DD /* Debug */ = {
			isa = XCBuildConfiguration;
			buildSettings = {
				CODE_SIGN_STYLE = Automatic;
				PRODUCT_NAME = "$(TARGET_NAME)";
			};
			name = Debug;
		};
		A2271E38240E449300C633DD /* Release */ = {
			isa = XCBuildConfiguration;
			buildSettings = {
				CODE_SIGN_STYLE = Automatic;
				PRODUCT_NAME = "$(TARGET_NAME)";
			};
			name = Release;
		};
/* End XCBuildConfiguration section */

/* Begin XCConfigurationList section */
		A2271E2A240E449300C633DD /* Build configuration list for PBXProject "Polymorphism" */ = {
			isa = XCConfigurationList;
			buildConfigurations = (
				A2271E34240E449300C633DD /* Debug */,
				A2271E35240E449300C633DD /* Release */,
			);
			defaultConfigurationIsVisible = 0;
			defaultConfigurationName = Release;
		};
		A2271E36240E449300C633DD /* Build configuration list for PBXNativeTarget "Polymorphism" */ = {
			isa = XCConfigurationList;
			buildConfigurations = (
				A2271E37240E449300C633DD /* Debug */,
				A2271E38240E449300C633DD /* Release */,
			);
			defaultConfigurationIsVisible = 0;
			defaultConfigurationName = Release;
		};
/* End XCConfigurationList section */
	};
	rootObject = A2271E27240E449300C633DD /* Project object */;
}
